
Microsoft Visual Studio Solution File, Format Version 12.00
# Visual Studio Version 17
VisualStudioVersion = 17.14.36518.9 d17.14
MinimumVisualStudioVersion = 10.0.40219.1
Project("{9A19103F-16F7-4668-BE54-9A1E7A4F7556}") = "ArmaRealMapWebSite", "ArmaRealMapWebSite\ArmaRealMapWebSite.csproj", "{8E8931F0-98EE-41EA-ABB2-B96203F71A69}"
EndProject
Project("{9A19103F-16F7-4668-BE54-9A1E7A4F7556}") = "ArmaRealMap.Core", "ArmaRealMap.Core\ArmaRealMap.Core.csproj", "{7CDA522C-5A59-4AD6-99C4-6B060A3DDD4A}"
EndProject
Global
	GlobalSection(SolutionConfigurationPlatforms) = preSolution
		Debug|Any CPU = Debug|Any CPU
		Release|Any CPU = Release|Any CPU
	EndGlobalSection
	GlobalSection(ProjectConfigurationPlatforms) = postSolution
		{8E8931F0-98EE-41EA-ABB2-B96203F71A69}.Debug|Any CPU.ActiveCfg = Debug|Any CPU
		{8E8931F0-98EE-41EA-ABB2-B96203F71A69}.Debug|Any CPU.Build.0 = Debug|Any CPU
		{8E8931F0-98EE-41EA-ABB2-B96203F71A69}.Release|Any CPU.ActiveCfg = Release|Any CPU
		{8E8931F0-98EE-41EA-ABB2-B96203F71A69}.Release|Any CPU.Build.0 = Release|Any CPU
		{7CDA522C-5A59-4AD6-99C4-6B060A3DDD4A}.Debug|Any CPU.ActiveCfg = Debug|Any CPU
		{7CDA522C-5A59-4AD6-99C4-6B060A3DDD4A}.Debug|Any CPU.Build.0 = Debug|Any CPU
		{7CDA522C-5A59-4AD6-99C4-6B060A3DDD4A}.Release|Any CPU.ActiveCfg = Release|Any CPU
		{7CDA522C-5A59-4AD6-99C4-6B060A3DDD4A}.Release|Any CPU.Build.0 = Release|Any CPU
	EndGlobalSection
	GlobalSection(SolutionProperties) = preSolution
		HideSolutionNode = FALSE
	EndGlobalSection
	GlobalSection(ExtensibilityGlobals) = postSolution
		SolutionGuid = {67E6979E-AD2E-4E18-82E9-C7B7D491C3E9}
	EndGlobalSection
EndGlobal
